
Microsoft Visual Studio Solution File, Format Version 12.00
Project("{FAE04EC0-301F-11D3-BF4B-00C04F79EFBC}") = "Products.Cache.API", "Products.Cache.API\Products.Cache.API.csproj", "{2B362942-EBE1-4C1A-B6AA-E884A7902564}"
EndProject
Global
	GlobalSection(SolutionConfigurationPlatforms) = preSolution
		Debug|Any CPU = Debug|Any CPU
		Release|Any CPU = Release|Any CPU
	EndGlobalSection
	GlobalSection(ProjectConfigurationPlatforms) = postSolution
		{2B362942-EBE1-4C1A-B6AA-E884A7902564}.Debug|Any CPU.ActiveCfg = Debug|Any CPU
		{2B362942-EBE1-4C1A-B6AA-E884A7902564}.Debug|Any CPU.Build.0 = Debug|Any CPU
		{2B362942-EBE1-4C1A-B6AA-E884A7902564}.Release|Any CPU.ActiveCfg = Release|Any CPU
		{2B362942-EBE1-4C1A-B6AA-E884A7902564}.Release|Any CPU.Build.0 = Release|Any CPU
	EndGlobalSection
EndGlobal
